
Microsoft Visual Studio Solution File, Format Version 12.00
# Visual Studio Version 17
VisualStudioVersion = 17.11.35222.181
MinimumVisualStudioVersion = 10.0.40219.1
Project("{FAE04EC0-301F-11D3-BF4B-00C04F79EFBC}") = "EmployeeProj.Server", "EmployeeProj.Server\EmployeeProj.Server.csproj", "{2D79D79C-4F56-4DA6-9A5B-01654330442B}"
EndProject
Project("{54A90642-561A-4BB1-A94E-469ADEE60C69}") = "employeeproj.client", "employeeproj.client\employeeproj.client.esproj", "{E179B0D0-87EE-4888-8663-68641348F5C2}"
EndProject
Global
	GlobalSection(SolutionConfigurationPlatforms) = preSolution
		Debug|Any CPU = Debug|Any CPU
		Release|Any CPU = Release|Any CPU
	EndGlobalSection
	GlobalSection(ProjectConfigurationPlatforms) = postSolution
		{2D79D79C-4F56-4DA6-9A5B-01654330442B}.Debug|Any CPU.ActiveCfg = Debug|Any CPU
		{2D79D79C-4F56-4DA6-9A5B-01654330442B}.Debug|Any CPU.Build.0 = Debug|Any CPU
		{2D79D79C-4F56-4DA6-9A5B-01654330442B}.Release|Any CPU.ActiveCfg = Release|Any CPU
		{2D79D79C-4F56-4DA6-9A5B-01654330442B}.Release|Any CPU.Build.0 = Release|Any CPU
		{E179B0D0-87EE-4888-8663-68641348F5C2}.Debug|Any CPU.ActiveCfg = Debug|Any CPU
		{E179B0D0-87EE-4888-8663-68641348F5C2}.Debug|Any CPU.Build.0 = Debug|Any CPU
		{E179B0D0-87EE-4888-8663-68641348F5C2}.Debug|Any CPU.Deploy.0 = Debug|Any CPU
		{E179B0D0-87EE-4888-8663-68641348F5C2}.Release|Any CPU.ActiveCfg = Release|Any CPU
		{E179B0D0-87EE-4888-8663-68641348F5C2}.Release|Any CPU.Build.0 = Release|Any CPU
		{E179B0D0-87EE-4888-8663-68641348F5C2}.Release|Any CPU.Deploy.0 = Release|Any CPU
	EndGlobalSection
	GlobalSection(SolutionProperties) = preSolution
		HideSolutionNode = FALSE
	EndGlobalSection
	GlobalSection(ExtensibilityGlobals) = postSolution
		SolutionGuid = {0B1EA3D6-AE86-47D2-A300-9D55153B410F}
	EndGlobalSection
EndGlobal
